# THIS IS AN AUTOGENERATED FILE. DO NOT EDIT THIS FILE DIRECTLY.
# yarn lockfile v1


"@esbuild/android-arm64@0.19.6":
  version "0.19.6"
  resolved "https://registry.yarnpkg.com/@esbuild/android-arm64/-/android-arm64-0.19.6.tgz#13d98a34bbbde4237867cc232307a20ded139b6f"
  integrity sha512-KQ/hbe9SJvIJ4sR+2PcZ41IBV+LPJyYp6V1K1P1xcMRup9iYsBoQn4MzE3mhMLOld27Au2eDcLlIREeKGUXpHQ==

"@esbuild/android-arm@0.19.6":
  version "0.19.6"
  resolved "https://registry.yarnpkg.com/@esbuild/android-arm/-/android-arm-0.19.6.tgz#68898d949672c56f10451f540fd92301dc713fb3"
  integrity sha512-muPzBqXJKCbMYoNbb1JpZh/ynl0xS6/+pLjrofcR3Nad82SbsCogYzUE6Aq9QT3cLP0jR/IVK/NHC9b90mSHtg==

"@esbuild/android-x64@0.19.6":
  version "0.19.6"
  resolved "https://registry.yarnpkg.com/@esbuild/android-x64/-/android-x64-0.19.6.tgz#51a0ab83680dedc6dd1ae26133def26b178ed3a1"
  integrity sha512-VVJVZQ7p5BBOKoNxd0Ly3xUM78Y4DyOoFKdkdAe2m11jbh0LEU4bPles4e/72EMl4tapko8o915UalN/5zhspg==

"@esbuild/darwin-arm64@0.19.6":
  version "0.19.6"
  resolved "https://registry.yarnpkg.com/@esbuild/darwin-arm64/-/darwin-arm64-0.19.6.tgz#2883f14197111febb118c0463c080930a30883e5"
  integrity sha512-91LoRp/uZAKx6ESNspL3I46ypwzdqyDLXZH7x2QYCLgtnaU08+AXEbabY2yExIz03/am0DivsTtbdxzGejfXpA==

"@esbuild/darwin-x64@0.19.6":
  version "0.19.6"
  resolved "https://registry.yarnpkg.com/@esbuild/darwin-x64/-/darwin-x64-0.19.6.tgz#400bf20f9a35a7d68a17f5898c0f9ecb099f062b"
  integrity sha512-QCGHw770ubjBU1J3ZkFJh671MFajGTYMZumPs9E/rqU52md6lIil97BR0CbPq6U+vTh3xnTNDHKRdR8ggHnmxQ==

"@esbuild/freebsd-arm64@0.19.6":
  version "0.19.6"
  resolved "https://registry.yarnpkg.com/@esbuild/freebsd-arm64/-/freebsd-arm64-0.19.6.tgz#8af07bd848afa2470b8a2339b203ce29a721152b"
  integrity sha512-J53d0jGsDcLzWk9d9SPmlyF+wzVxjXpOH7jVW5ae7PvrDst4kiAz6sX+E8btz0GB6oH12zC+aHRD945jdjF2Vg==

"@esbuild/freebsd-x64@0.19.6":
  version "0.19.6"
  resolved "https://registry.yarnpkg.com/@esbuild/freebsd-x64/-/freebsd-x64-0.19.6.tgz#ae0230860e27df204a616671e028ff8fdffa009a"
  integrity sha512-hn9qvkjHSIB5Z9JgCCjED6YYVGCNpqB7dEGavBdG6EjBD8S/UcNUIlGcB35NCkMETkdYwfZSvD9VoDJX6VeUVA==

"@esbuild/linux-arm64@0.19.6":
  version "0.19.6"
  resolved "https://registry.yarnpkg.com/@esbuild/linux-arm64/-/linux-arm64-0.19.6.tgz#3042bc423a978deab44a72244b863f743fd9fda1"
  integrity sha512-HQCOrk9XlH3KngASLaBfHpcoYEGUt829A9MyxaI8RMkfRA8SakG6YQEITAuwmtzFdEu5GU4eyhKcpv27dFaOBg==

"@esbuild/linux-arm@0.19.6":
  version "0.19.6"
  resolved "https://registry.yarnpkg.com/@esbuild/linux-arm/-/linux-arm-0.19.6.tgz#50a537de609315979509120b0181882978294db1"
  integrity sha512-G8IR5zFgpXad/Zp7gr7ZyTKyqZuThU6z1JjmRyN1vSF8j0bOlGzUwFSMTbctLAdd7QHpeyu0cRiuKrqK1ZTwvQ==

"@esbuild/linux-ia32@0.19.6":
  version "0.19.6"
  resolved "https://registry.yarnpkg.com/@esbuild/linux-ia32/-/linux-ia32-0.19.6.tgz#f99c48b597facf9cbf8e1a2522ce379b2ad7b0c4"
  integrity sha512-22eOR08zL/OXkmEhxOfshfOGo8P69k8oKHkwkDrUlcB12S/sw/+COM4PhAPT0cAYW/gpqY2uXp3TpjQVJitz7w==

"@esbuild/linux-loong64@0.19.6":
  version "0.19.6"
  resolved "https://registry.yarnpkg.com/@esbuild/linux-loong64/-/linux-loong64-0.19.6.tgz#9fe79be31ce305564aa62da190f38e199d6d26b7"
  integrity sha512-82RvaYAh/SUJyjWA8jDpyZCHQjmEggL//sC7F3VKYcBMumQjUL3C5WDl/tJpEiKtt7XrWmgjaLkrk205zfvwTA==

"@esbuild/linux-mips64el@0.19.6":
  version "0.19.6"
  resolved "https://registry.yarnpkg.com/@esbuild/linux-mips64el/-/linux-mips64el-0.19.6.tgz#5a922dad90fc8a83fd0631c136b46128153ffb6f"
  integrity sha512-8tvnwyYJpR618vboIv2l8tK2SuK/RqUIGMfMENkeDGo3hsEIrpGldMGYFcWxWeEILe5Fi72zoXLmhZ7PR23oQA==

"@esbuild/linux-ppc64@0.19.6":
  version "0.19.6"
  resolved "https://registry.yarnpkg.com/@esbuild/linux-ppc64/-/linux-ppc64-0.19.6.tgz#a7fccf924824999b301546843adb4f51051965e8"
  integrity sha512-Qt+D7xiPajxVNk5tQiEJwhmarNnLPdjXAoA5uWMpbfStZB0+YU6a3CtbWYSy+sgAsnyx4IGZjWsTzBzrvg/fMA==

"@esbuild/linux-riscv64@0.19.6":
  version "0.19.6"
  resolved "https://registry.yarnpkg.com/@esbuild/linux-riscv64/-/linux-riscv64-0.19.6.tgz#41d2db11550662d6c03902d9d8d26b0ed5bb8d55"
  integrity sha512-lxRdk0iJ9CWYDH1Wpnnnc640ajF4RmQ+w6oHFZmAIYu577meE9Ka/DCtpOrwr9McMY11ocbp4jirgGgCi7Ls/g==

"@esbuild/linux-s390x@0.19.6":
  version "0.19.6"
  resolved "https://registry.yarnpkg.com/@esbuild/linux-s390x/-/linux-s390x-0.19.6.tgz#d7a843a2620e73c5c9d65c482e2fbddc7e0f7753"
  integrity sha512-MopyYV39vnfuykHanRWHGRcRC3AwU7b0QY4TI8ISLfAGfK+tMkXyFuyT1epw/lM0pflQlS53JoD22yN83DHZgA==

"@esbuild/linux-x64@0.19.6":
  version "0.19.6"
  resolved "https://registry.yarnpkg.com/@esbuild/linux-x64/-/linux-x64-0.19.6.tgz#d3f20f0c2bdaa1b9ed1c0df7db034771e7aa5234"
  integrity sha512-UWcieaBzsN8WYbzFF5Jq7QULETPcQvlX7KL4xWGIB54OknXJjBO37sPqk7N82WU13JGWvmDzFBi1weVBajPovg==

"@esbuild/netbsd-x64@0.19.6":
  version "0.19.6"
  resolved "https://registry.yarnpkg.com/@esbuild/netbsd-x64/-/netbsd-x64-0.19.6.tgz#6108d7270599ee37cd57bb14e4516a83541885d5"
  integrity sha512-EpWiLX0fzvZn1wxtLxZrEW+oQED9Pwpnh+w4Ffv8ZLuMhUoqR9q9rL4+qHW8F4Mg5oQEKxAoT0G+8JYNqCiR6g==

"@esbuild/openbsd-x64@0.19.6":
  version "0.19.6"
  resolved "https://registry.yarnpkg.com/@esbuild/openbsd-x64/-/openbsd-x64-0.19.6.tgz#b1b5aaa2c9028e90a2bef6774a9c67451f53f164"
  integrity sha512-fFqTVEktM1PGs2sLKH4M5mhAVEzGpeZJuasAMRnvDZNCV0Cjvm1Hu35moL2vC0DOrAQjNTvj4zWrol/lwQ8Deg==

"@esbuild/sunos-x64@0.19.6":
  version "0.19.6"
  resolved "https://registry.yarnpkg.com/@esbuild/sunos-x64/-/sunos-x64-0.19.6.tgz#b51b648cea77c62b1934a4fdcfee7aaa9de174cb"
  integrity sha512-M+XIAnBpaNvaVAhbe3uBXtgWyWynSdlww/JNZws0FlMPSBy+EpatPXNIlKAdtbFVII9OpX91ZfMb17TU3JKTBA==

"@esbuild/win32-arm64@0.19.6":
  version "0.19.6"
  resolved "https://registry.yarnpkg.com/@esbuild/win32-arm64/-/win32-arm64-0.19.6.tgz#34e5665f239047c302c8d153406c87db22afd58a"
  integrity sha512-2DchFXn7vp/B6Tc2eKdTsLzE0ygqKkNUhUBCNtMx2Llk4POIVMUq5rUYjdcedFlGLeRe1uLCpVvCmE+G8XYybA==

"@esbuild/win32-ia32@0.19.6":
  version "0.19.6"
  resolved "https://registry.yarnpkg.com/@esbuild/win32-ia32/-/win32-ia32-0.19.6.tgz#f7aaebe325e67f44c0a738e80a98221504677b4a"
  integrity sha512-PBo/HPDQllyWdjwAVX+Gl2hH0dfBydL97BAH/grHKC8fubqp02aL4S63otZ25q3sBdINtOBbz1qTZQfXbP4VBg==

"@esbuild/win32-x64@0.19.6":
  version "0.19.6"
  resolved "https://registry.yarnpkg.com/@esbuild/win32-x64/-/win32-x64-0.19.6.tgz#7134e5dea1f5943b013e96fc34f9638a5f3d7e3e"
  integrity sha512-OE7yIdbDif2kKfrGa+V0vx/B3FJv2L4KnIiLlvtibPyO9UkgO3rzYE0HhpREo2vmJ1Ixq1zwm9/0er+3VOSZJA==

"@reach/auto-id@^0.18.0":
  version "0.18.0"
  resolved "https://registry.yarnpkg.com/@reach/auto-id/-/auto-id-0.18.0.tgz#4b97085cd1cf1360a9bedc6e9c78e97824014f0d"
  integrity sha512-XwY1IwhM7mkHZFghhjiqjQ6dstbOdpbFLdggeke75u8/8icT8uEHLbovFUgzKjy9qPvYwZIB87rLiR8WdtOXCg==
  dependencies:
    "@reach/utils" "0.18.0"

"@reach/descendants@^0.18.0":
  version "0.18.0"
  resolved "https://registry.yarnpkg.com/@reach/descendants/-/descendants-0.18.0.tgz#16fe52a5154da262994b0b8768baff4f670922d1"
  integrity sha512-GXUxnM6CfrX5URdnipPIl3Tlc6geuz4xb4n61y4tVWXQX1278Ra9Jz9DMRN8x4wheHAysvrYwnR/SzAlxQzwtA==
  dependencies:
    "@reach/utils" "0.18.0"

"@reach/utils@0.18.0":
  version "0.18.0"
  resolved "https://registry.yarnpkg.com/@reach/utils/-/utils-0.18.0.tgz#4f3cebe093dd436eeaff633809bf0f68f4f9d2ee"
  integrity sha512-KdVMdpTgDyK8FzdKO9SCpiibuy/kbv3pwgfXshTI6tEcQT1OOwj7BAksnzGC0rPz0UholwC+AgkqEl3EJX3M1A==

"@types/node@^20.9.1":
  version "20.9.1"
  resolved "https://registry.yarnpkg.com/@types/node/-/node-20.9.1.tgz#9d578c610ce1e984adda087f685ace940954fe19"
  integrity sha512-HhmzZh5LSJNS5O8jQKpJ/3ZcrrlG6L70hpGqMIAoM9YVD0YBRNWYsfwcXq8VnSjlNpCpgLzMXdiPo+dxcvSmiA==
  dependencies:
    undici-types "~5.26.4"

"@types/prop-types@*":
  version "15.7.5"
  resolved "https://registry.yarnpkg.com/@types/prop-types/-/prop-types-15.7.5.tgz#5f19d2b85a98e9558036f6a3cacc8819420f05cf"
  integrity sha512-JCB8C6SnDoQf0cNycqd/35A7MjcnK+ZTqE7judS6o7utxUCg6imJg3QK2qzHKszlTjcj2cn+NwMB2i96ubpj7w==

"@types/react-dom@^18.2.15":
  version "18.2.15"
  resolved "https://registry.yarnpkg.com/@types/react-dom/-/react-dom-18.2.15.tgz#921af67f9ee023ac37ea84b1bc0cc40b898ea522"
  integrity sha512-HWMdW+7r7MR5+PZqJF6YFNSCtjz1T0dsvo/f1BV6HkV+6erD/nA7wd9NM00KVG83zf2nJ7uATPO9ttdIPvi3gg==
  dependencies:
    "@types/react" "*"

"@types/react@*", "@types/react@^18.2.37":
  version "18.2.37"
  resolved "https://registry.yarnpkg.com/@types/react/-/react-18.2.37.tgz#0f03af69e463c0f19a356c2660dbca5d19c44cae"
  integrity sha512-RGAYMi2bhRgEXT3f4B92WTohopH6bIXw05FuGlmJEnv/omEn190+QYEIYxIAuIBdKgboYYdVved2p1AxZVQnaw==
  dependencies:
    "@types/prop-types" "*"
    "@types/scheduler" "*"
    csstype "^3.0.2"

"@types/scheduler@*":
  version "0.16.2"
  resolved "https://registry.yarnpkg.com/@types/scheduler/-/scheduler-0.16.2.tgz#1a62f89525723dde24ba1b01b092bf5df8ad4d39"
  integrity sha512-hppQEBDmlwhFAXKJX2KnWLYu5yMfi91yazPb2l+lbJiwW+wdo1gNeRA+3RgNSO39WYX2euey41KEwnqesU2Jew==

csstype@^3.0.2:
  version "3.1.1"
  resolved "https://registry.yarnpkg.com/csstype/-/csstype-3.1.1.tgz#841b532c45c758ee546a11d5bd7b7b473c8c30b9"
  integrity sha512-DJR/VvkAvSZW9bTouZue2sSxDwdTN92uHjqeKVm+0dAqdfNykRzQ95tay8aXMBAAPpUiq4Qcug2L7neoRh2Egw==

detect-libc@^1.0.3:
  version "1.0.3"
  resolved "https://registry.yarnpkg.com/detect-libc/-/detect-libc-1.0.3.tgz#fa137c4bd698edf55cd5cd02ac559f91a4c4ba9b"
  integrity sha512-pGjwhsmsp4kL2RTz08wcOlGN83otlqHeD/Z5T8GXZB+/YcpQ/dgo+lbU8ZsGxV0HIvqqxo9l7mqYwyYMD9bKDg==

esbuild-css-modules-plugin@^3.0.3:
  version "3.0.3"
  resolved "https://registry.yarnpkg.com/esbuild-css-modules-plugin/-/esbuild-css-modules-plugin-3.0.3.tgz#2f7d3ee4494d0b29a0027b125dca0a95fca2b1a3"
  integrity sha512-2NPTBoQMu+cs3JKl28MrrgYJFClY7RJRdHbUJu7P3wg9NOx3SAnT1Ywso0CGQUCRuzmbTMXfzR1/8E/bmwWTxg==
  dependencies:
    lightningcss "^1.22.0"
    lodash-es "^4.17.21"

esbuild@^0.19.6:
  version "0.19.6"
  resolved "https://registry.yarnpkg.com/esbuild/-/esbuild-0.19.6.tgz#baa0e8b6b9e655c54ffd57f1772e44677a7931cc"
  integrity sha512-Xl7dntjA2OEIvpr9j0DVxxnog2fyTGnyVoQXAMQI6eR3mf9zCQds7VIKUDCotDgE/p4ncTgeRqgX8t5d6oP4Gw==
  optionalDependencies:
    "@esbuild/android-arm" "0.19.6"
    "@esbuild/android-arm64" "0.19.6"
    "@esbuild/android-x64" "0.19.6"
    "@esbuild/darwin-arm64" "0.19.6"
    "@esbuild/darwin-x64" "0.19.6"
    "@esbuild/freebsd-arm64" "0.19.6"
    "@esbuild/freebsd-x64" "0.19.6"
    "@esbuild/linux-arm" "0.19.6"
    "@esbuild/linux-arm64" "0.19.6"
    "@esbuild/linux-ia32" "0.19.6"
    "@esbuild/linux-loong64" "0.19.6"
    "@esbuild/linux-mips64el" "0.19.6"
    "@esbuild/linux-ppc64" "0.19.6"
    "@esbuild/linux-riscv64" "0.19.6"
    "@esbuild/linux-s390x" "0.19.6"
    "@esbuild/linux-x64" "0.19.6"
    "@esbuild/netbsd-x64" "0.19.6"
    "@esbuild/openbsd-x64" "0.19.6"
    "@esbuild/sunos-x64" "0.19.6"
    "@esbuild/win32-arm64" "0.19.6"
    "@esbuild/win32-ia32" "0.19.6"
    "@esbuild/win32-x64" "0.19.6"

"js-tokens@^3.0.0 || ^4.0.0":
  version "4.0.0"
  resolved "https://registry.yarnpkg.com/js-tokens/-/js-tokens-4.0.0.tgz#19203fb59991df98e3a287050d4647cdeaf32499"
  integrity sha512-RdJUflcE3cUzKiMqQgsCu06FPu9UdIJO0beYbPhHN4k6apgJtifcoCtT9bcxOpYBtpD2kCM6Sbzg4CausW/PKQ==

lightningcss-darwin-arm64@1.22.0:
  version "1.22.0"
  resolved "https://registry.yarnpkg.com/lightningcss-darwin-arm64/-/lightningcss-darwin-arm64-1.22.0.tgz#28e189ce15290b3d0ab43704fc33e8e6366e6df4"
  integrity sha512-aH2be3nNny+It5YEVm8tBSSdRlBVWQV8m2oJ7dESiYRzyY/E/bQUe2xlw5caaMuhlM9aoTMtOH25yzMhir0qPg==

lightningcss-darwin-x64@1.22.0:
  version "1.22.0"
  resolved "https://registry.yarnpkg.com/lightningcss-darwin-x64/-/lightningcss-darwin-x64-1.22.0.tgz#1c5fe3e3ab31c9f1741f6d5d650ab683bd942854"
  integrity sha512-9KHRFA0Y6mNxRHeoQMp0YaI0R0O2kOgUlYPRjuasU4d+pI8NRhVn9bt0yX9VPs5ibWX1RbDViSPtGJvYYrfVAQ==

lightningcss-freebsd-x64@1.22.0:
  version "1.22.0"
  resolved "https://registry.yarnpkg.com/lightningcss-freebsd-x64/-/lightningcss-freebsd-x64-1.22.0.tgz#1ee7bcb68258b2cb1425bdc7ccb632233eae639c"
  integrity sha512-xaYL3xperGwD85rQioDb52ozF3NAJb+9wrge3jD9lxGffplu0Mn35rXMptB8Uc2N9Mw1i3Bvl7+z1evlqVl7ww==

lightningcss-linux-arm-gnueabihf@1.22.0:
  version "1.22.0"
  resolved "https://registry.yarnpkg.com/lightningcss-linux-arm-gnueabihf/-/lightningcss-linux-arm-gnueabihf-1.22.0.tgz#1c4287ec7268dcee6d9dcccb3d0810ecdcd35b74"
  integrity sha512-epQGvXIjOuxrZpMpMnRjK54ZqzhiHhCPLtHvw2fb6NeK2kK9YtF0wqmeTBiQ1AkbWfnnXGTstYaFNiadNK+StQ==

lightningcss-linux-arm64-gnu@1.22.0:
  version "1.22.0"
  resolved "https://registry.yarnpkg.com/lightningcss-linux-arm64-gnu/-/lightningcss-linux-arm64-gnu-1.22.0.tgz#b8e6daee4a60020a4930fc3564669868e723a10d"
  integrity sha512-AArGtKSY4DGTA8xP8SDyNyKtpsUl1Rzq6FW4JomeyUQ4nBrR71uPChksTpj3gmWuGhZeRKLeCUI1DBid/zhChg==

lightningcss-linux-arm64-musl@1.22.0:
  version "1.22.0"
  resolved "https://registry.yarnpkg.com/lightningcss-linux-arm64-musl/-/lightningcss-linux-arm64-musl-1.22.0.tgz#8d863a5470ee50369f13974325f2a3326b5f77df"
  integrity sha512-RRraNgP8hnBPhInTTUdlFm+z16C/ghbxBG51Sw00hd7HUyKmEUKRozyc5od+/N6pOrX/bIh5vIbtMXIxsos0lg==

lightningcss-linux-x64-gnu@1.22.0:
  version "1.22.0"
  resolved "https://registry.yarnpkg.com/lightningcss-linux-x64-gnu/-/lightningcss-linux-x64-gnu-1.22.0.tgz#4798711d1897fe19fccd039640389c5049fb03fb"
  integrity sha512-grdrhYGRi2KrR+bsXJVI0myRADqyA7ekprGxiuK5QRNkv7kj3Yq1fERDNyzZvjisHwKUi29sYMClscbtl+/Zpw==

lightningcss-linux-x64-musl@1.22.0:
  version "1.22.0"
  resolved "https://registry.yarnpkg.com/lightningcss-linux-x64-musl/-/lightningcss-linux-x64-musl-1.22.0.tgz#1d34f5bf428b0d2d4550627e653231d33fda90f9"
  integrity sha512-t5f90X+iQUtIyR56oXIHMBUyQFX/zwmPt72E6Dane3P8KNGlkijTg2I75XVQS860gNoEFzV7Mm5ArRRA7u5CAQ==

lightningcss-win32-x64-msvc@1.22.0:
  version "1.22.0"
  resolved "https://registry.yarnpkg.com/lightningcss-win32-x64-msvc/-/lightningcss-win32-x64-msvc-1.22.0.tgz#2fece601ea92298f73008bdf96ed0af8132d318f"
  integrity sha512-64HTDtOOZE9PUCZJiZZQpyqXBbdby1lnztBccnqh+NtbKxjnGzP92R2ngcgeuqMPecMNqNWxgoWgTGpC+yN5Sw==

lightningcss@^1.22.0:
  version "1.22.0"
  resolved "https://registry.yarnpkg.com/lightningcss/-/lightningcss-1.22.0.tgz#76c9a17925e660741858e88b774172cb1923bb4a"
  integrity sha512-+z0qvwRVzs4XGRXelnWRNwqsXUx8k3bSkbP8vD42kYKSk3z9OM2P3e/gagT7ei/gwh8DTS80LZOFZV6lm8Z8Fg==
  dependencies:
    detect-libc "^1.0.3"
  optionalDependencies:
    lightningcss-darwin-arm64 "1.22.0"
    lightningcss-darwin-x64 "1.22.0"
    lightningcss-freebsd-x64 "1.22.0"
    lightningcss-linux-arm-gnueabihf "1.22.0"
    lightningcss-linux-arm64-gnu "1.22.0"
    lightningcss-linux-arm64-musl "1.22.0"
    lightningcss-linux-x64-gnu "1.22.0"
    lightningcss-linux-x64-musl "1.22.0"
    lightningcss-win32-x64-msvc "1.22.0"

lodash-es@^4.17.21:
  version "4.17.21"
  resolved "https://registry.yarnpkg.com/lodash-es/-/lodash-es-4.17.21.tgz#43e626c46e6591b7750beb2b50117390c609e3ee"
  integrity sha512-mKnC+QJ9pWVzv+C4/U3rRsHapFfHvQFoFB92e52xeyGMcX6/OlIl78je1u8vePzYZSkkogMPJ2yjxxsb89cxyw==

loose-envify@^1.1.0:
  version "1.4.0"
  resolved "https://registry.yarnpkg.com/loose-envify/-/loose-envify-1.4.0.tgz#71ee51fa7be4caec1a63839f7e682d8132d30caf"
  integrity sha512-lyuxPGr/Wfhrlem2CL/UcnUc1zcqKAImBDzukY7Y5F/yQiNdko6+fRLevlw1HgMySw7f611UIY408EtxRSoK3Q==
  dependencies:
    js-tokens "^3.0.0 || ^4.0.0"

react-dom@^18.2.0:
  version "18.2.0"
  resolved "https://registry.yarnpkg.com/react-dom/-/react-dom-18.2.0.tgz#22aaf38708db2674ed9ada224ca4aa708d821e3d"
  integrity sha512-6IMTriUmvsjHUjNtEDudZfuDQUoWXVxKHhlEGSk81n4YFS+r/Kl99wXiwlVXtPBtJenozv2P+hxDsw9eA7Xo6g==
  dependencies:
    loose-envify "^1.1.0"
    scheduler "^0.23.0"

react@^18.2.0:
  version "18.2.0"
  resolved "https://registry.yarnpkg.com/react/-/react-18.2.0.tgz#555bd98592883255fa00de14f1151a917b5d77d5"
  integrity sha512-/3IjMdb2L9QbBdWiW5e3P2/npwMBaU9mHCSCUzNln0ZCYbcfTsGbTJrU/kGemdH2IWmB2ioZ+zkxtmq6g09fGQ==
  dependencies:
    loose-envify "^1.1.0"

scheduler@^0.23.0:
  version "0.23.0"
  resolved "https://registry.yarnpkg.com/scheduler/-/scheduler-0.23.0.tgz#ba8041afc3d30eb206a487b6b384002e4e61fdfe"
  integrity sha512-CtuThmgHNg7zIZWAXi3AsyIzA3n4xx7aNyjwC2VJldO2LMVDhFK+63xGqq6CsJH4rTAt6/M+N4GhZiDYPx9eUw==
  dependencies:
    loose-envify "^1.1.0"

typescript@^5.2.2:
  version "5.2.2"
  resolved "https://registry.yarnpkg.com/typescript/-/typescript-5.2.2.tgz#5ebb5e5a5b75f085f22bc3f8460fba308310fa78"
  integrity sha512-mI4WrpHsbCIcwT9cF4FZvr80QUeKvsUsUvKDoR+X/7XHQH98xYD8YHZg7ANtz2GtZt/CBq2QJ0thkGJMHfqc1w==

undici-types@~5.26.4:
  version "5.26.5"
  resolved "https://registry.yarnpkg.com/undici-types/-/undici-types-5.26.5.tgz#bcd539893d00b56e964fd2657a4866b221a65617"
  integrity sha512-JlCMO+ehdEIKqlFxk6IfVoAUVmgz7cU7zD/h9XZ0qzeosSHmUJVOzSQvvYSYWXkFXC+IfLKSIffhv0sVZup6pA==
