# THIS IS AN AUTOGENERATED FILE. DO NOT EDIT THIS FILE DIRECTLY.
# yarn lockfile v1


"@esbuild/aix-ppc64@0.21.2":
  version "0.21.2"
  resolved "https://registry.yarnpkg.com/@esbuild/aix-ppc64/-/aix-ppc64-0.21.2.tgz#7ccd2a552dc4eb740f094a46d18a1b1508b8d37c"
  integrity sha512-/c7hocx0pm14bHQlqUVKmxwdT/e5/KkyoY1W8F9lk/8CkE037STDDz8PXUP/LE6faj2HqchvDs9GcShxFhI78Q==

"@esbuild/android-arm64@0.21.2":
  version "0.21.2"
  resolved "https://registry.yarnpkg.com/@esbuild/android-arm64/-/android-arm64-0.21.2.tgz#016abbee9f0c6f646b0c6b43b172a5053fe53aab"
  integrity sha512-SGZKngoTWVUriO5bDjI4WDGsNx2VKZoXcds+ita/kVYB+8IkSCKDRDaK+5yu0b5S0eq6B3S7fpiEvpsa2ammlQ==

"@esbuild/android-arm@0.21.2":
  version "0.21.2"
  resolved "https://registry.yarnpkg.com/@esbuild/android-arm/-/android-arm-0.21.2.tgz#99f3a3c90bf8ac37d1881af6b87d404a02007164"
  integrity sha512-G1ve3b4FeyJeyCjB4MX1CiWyTaIJwT9wAYE+8+IRA53YoN/reC/Bf2GDRXAzDTnh69Fpl+1uIKg76DiB3U6vwQ==

"@esbuild/android-x64@0.21.2":
  version "0.21.2"
  resolved "https://registry.yarnpkg.com/@esbuild/android-x64/-/android-x64-0.21.2.tgz#5039e8d0b2ed03ca75d77e581ead591b1d87826f"
  integrity sha512-1wzzNoj2QtNkAYwIcWJ66UTRA80+RTQ/kuPMtEuP0X6dp5Ar23Dn566q3aV61h4EYrrgGlOgl/HdcqN/2S/2vg==

"@esbuild/darwin-arm64@0.21.2":
  version "0.21.2"
  resolved "https://registry.yarnpkg.com/@esbuild/darwin-arm64/-/darwin-arm64-0.21.2.tgz#6f55b81878d2295d7d4ecdbbb5ee418d379fb49a"
  integrity sha512-ZyMkPWc5eTROcLOA10lEqdDSTc6ds6nuh3DeHgKip/XJrYjZDfnkCVSty8svWdy+SC1f77ULtVeIqymTzaB6/Q==

"@esbuild/darwin-x64@0.21.2":
  version "0.21.2"
  resolved "https://registry.yarnpkg.com/@esbuild/darwin-x64/-/darwin-x64-0.21.2.tgz#f295d838c60e0e068c7a91e7784674c6b06c358e"
  integrity sha512-K4ZdVq1zP9v51h/cKVna7im7G0zGTKKB6bP2yJiSmHjjOykbd8DdhrSi8V978sF69rkwrn8zCyL2t6I3ei6j9A==

"@esbuild/freebsd-arm64@0.21.2":
  version "0.21.2"
  resolved "https://registry.yarnpkg.com/@esbuild/freebsd-arm64/-/freebsd-arm64-0.21.2.tgz#f665703471824e67ff5f62e6c9ed298f3c363b1b"
  integrity sha512-4kbOGdpA61CXqadD+Gb/Pw3YXamQGiz9mal/h93rFVSjr5cgMnmJd/gbfPRm+3BMifvnaOfS1gNWaIDxkE2A3A==

"@esbuild/freebsd-x64@0.21.2":
  version "0.21.2"
  resolved "https://registry.yarnpkg.com/@esbuild/freebsd-x64/-/freebsd-x64-0.21.2.tgz#6493aa56760521125badd41f78369f18c49e367e"
  integrity sha512-ShS+R09nuHzDBfPeMUliKZX27Wrmr8UFp93aFf/S8p+++x5BZ+D344CLKXxmY6qzgTL3mILSImPCNJOzD6+RRg==

"@esbuild/linux-arm64@0.21.2":
  version "0.21.2"
  resolved "https://registry.yarnpkg.com/@esbuild/linux-arm64/-/linux-arm64-0.21.2.tgz#beb96b83bfe32630d34eedc09b8e0722819f1a5b"
  integrity sha512-Hdu8BL+AmO+eCDvvT6kz/fPQhvuHL8YK4ExKZfANWsNe1kFGOHw7VJvS/FKSLFqheXmB3rTF3xFQIgUWPYsGnA==

"@esbuild/linux-arm@0.21.2":
  version "0.21.2"
  resolved "https://registry.yarnpkg.com/@esbuild/linux-arm/-/linux-arm-0.21.2.tgz#b1c5176479397b34c36334218063e223b4e588dd"
  integrity sha512-nnGXjOAv+7cM3LYRx4tJsYdgy8dGDGkAzF06oIDGppWbUkUKN9SmgQA8H0KukpU0Pjrj9XmgbWqMVSX/U7eeTA==

"@esbuild/linux-ia32@0.21.2":
  version "0.21.2"
  resolved "https://registry.yarnpkg.com/@esbuild/linux-ia32/-/linux-ia32-0.21.2.tgz#8ce387793eccdc28f5964e19f4dcbdb901099be4"
  integrity sha512-m73BOCW2V9lcj7RtEMi+gBfHC6n3+VHpwQXP5offtQMPLDkpVolYn1YGXxOZ9hp4h3UPRKuezL7WkBsw+3EB3Q==

"@esbuild/linux-loong64@0.21.2":
  version "0.21.2"
  resolved "https://registry.yarnpkg.com/@esbuild/linux-loong64/-/linux-loong64-0.21.2.tgz#c7360523a8e5e04e0b76b6e9a89a91ba573ac613"
  integrity sha512-84eYHwwWHq3myIY/6ikALMcnwkf6Qo7NIq++xH0x+cJuUNpdwh8mlpUtRY+JiGUc60yu7ElWBbVHGWTABTclGw==

"@esbuild/linux-mips64el@0.21.2":
  version "0.21.2"
  resolved "https://registry.yarnpkg.com/@esbuild/linux-mips64el/-/linux-mips64el-0.21.2.tgz#0adac2cc3451c25817b0c93bf160cd19008ed03a"
  integrity sha512-9siSZngT0/ZKG+AH+/agwKF29LdCxw4ODi/PiE0F52B2rtLozlDP92umf8G2GPoVV611LN4pZ+nSTckebOscUA==

"@esbuild/linux-ppc64@0.21.2":
  version "0.21.2"
  resolved "https://registry.yarnpkg.com/@esbuild/linux-ppc64/-/linux-ppc64-0.21.2.tgz#d9e79563999288d367eeba2b8194874bef0e8a35"
  integrity sha512-y0T4aV2CA+ic04ULya1A/8M2RDpDSK2ckgTj6jzHKFJvCq0jQg8afQQIn4EM0G8u2neyOiNHgSF9YKPfuqKOVw==

"@esbuild/linux-riscv64@0.21.2":
  version "0.21.2"
  resolved "https://registry.yarnpkg.com/@esbuild/linux-riscv64/-/linux-riscv64-0.21.2.tgz#34227910d843b399447a48180381425529eae7d6"
  integrity sha512-x5ssCdXmZC86L2Li1qQPF/VaC4VP20u/Zm8jlAu9IiVOVi79YsSz6cpPDYZl1rfKSHYCJW9XBfFCo66S5gVPSA==

"@esbuild/linux-s390x@0.21.2":
  version "0.21.2"
  resolved "https://registry.yarnpkg.com/@esbuild/linux-s390x/-/linux-s390x-0.21.2.tgz#2835f5b9b4c961baf6d6f03a870ab2d5bc3fbfcc"
  integrity sha512-NP7fTpGSFWdXyvp8iAFU04uFh9ARoplFVM/m+8lTRpaYG+2ytHPZWyscSsMM6cvObSIK2KoPHXiZD4l99WaxbQ==

"@esbuild/linux-x64@0.21.2":
  version "0.21.2"
  resolved "https://registry.yarnpkg.com/@esbuild/linux-x64/-/linux-x64-0.21.2.tgz#756282185a936e752a3a80b227a950813fe62ee7"
  integrity sha512-giZ/uOxWDKda44ZuyfKbykeXznfuVNkTgXOUOPJIjbayJV6FRpQ4zxUy9JMBPLaK9IJcdWtaoeQrYBMh3Rr4vQ==

"@esbuild/netbsd-x64@0.21.2":
  version "0.21.2"
  resolved "https://registry.yarnpkg.com/@esbuild/netbsd-x64/-/netbsd-x64-0.21.2.tgz#e1dde3694f5f8fbf2f7696d021c026e601579167"
  integrity sha512-IeFMfGFSQfIj1d4XU+6lkbFzMR+mFELUUVYrZ+jvWzG4NGvs6o53ReEHLHpYkjRbdEjJy2W3lTekTxrFHW7YJg==

"@esbuild/openbsd-x64@0.21.2":
  version "0.21.2"
  resolved "https://registry.yarnpkg.com/@esbuild/openbsd-x64/-/openbsd-x64-0.21.2.tgz#b0a8c1ce0077a5b24c5e4cf1c4417128ae5b6489"
  integrity sha512-48QhWD6WxcebNNaE4FCwgvQVUnAycuTd+BdvA/oZu+/MmbpU8pY2dMEYlYzj5uNHWIG5jvdDmFXu0naQeOWUoA==

"@esbuild/sunos-x64@0.21.2":
  version "0.21.2"
  resolved "https://registry.yarnpkg.com/@esbuild/sunos-x64/-/sunos-x64-0.21.2.tgz#fc7dd917ffcb2ebab4f22728a23ece3dd36c2979"
  integrity sha512-90r3nTBLgdIgD4FCVV9+cR6Hq2Dzs319icVsln+NTmTVwffWcCqXGml8rAoocHuJ85kZK36DCteii96ba/PX8g==

"@esbuild/win32-arm64@0.21.2":
  version "0.21.2"
  resolved "https://registry.yarnpkg.com/@esbuild/win32-arm64/-/win32-arm64-0.21.2.tgz#251e4cdafae688d54a43ac8544cb8c71e8fcdf15"
  integrity sha512-sNndlsBT8OeE/MZDSGpRDJlWuhjuUz/dn80nH0EP4ZzDUYvMDVa7G87DVpweBrn4xdJYyXS/y4CQNrf7R2ODXg==

"@esbuild/win32-ia32@0.21.2":
  version "0.21.2"
  resolved "https://registry.yarnpkg.com/@esbuild/win32-ia32/-/win32-ia32-0.21.2.tgz#1e3a818791b7e93ed353901c83d7cdc901ffcc8a"
  integrity sha512-Ti2QChGNFzWhUNNVuU4w21YkYTErsNh3h+CzvlEhzgRbwsJ7TrWQqRzW3bllLKKvTppuF3DJ3XP1GEg11AfrEQ==

"@esbuild/win32-x64@0.21.2":
  version "0.21.2"
  resolved "https://registry.yarnpkg.com/@esbuild/win32-x64/-/win32-x64-0.21.2.tgz#825b4e7c89b7e7ec64c450ed494a8af7e405a84d"
  integrity sha512-VEfTCZicoZnZ6sGkjFPGRFFJuL2fZn2bLhsekZl1CJslflp2cJS/VoKs1jMk+3pDfsGW6CfQVUckP707HwbXeQ==

"@reach/auto-id@^0.18.0":
  version "0.18.0"
  resolved "https://registry.yarnpkg.com/@reach/auto-id/-/auto-id-0.18.0.tgz#4b97085cd1cf1360a9bedc6e9c78e97824014f0d"
  integrity sha512-XwY1IwhM7mkHZFghhjiqjQ6dstbOdpbFLdggeke75u8/8icT8uEHLbovFUgzKjy9qPvYwZIB87rLiR8WdtOXCg==
  dependencies:
    "@reach/utils" "0.18.0"

"@reach/descendants@^0.18.0":
  version "0.18.0"
  resolved "https://registry.yarnpkg.com/@reach/descendants/-/descendants-0.18.0.tgz#16fe52a5154da262994b0b8768baff4f670922d1"
  integrity sha512-GXUxnM6CfrX5URdnipPIl3Tlc6geuz4xb4n61y4tVWXQX1278Ra9Jz9DMRN8x4wheHAysvrYwnR/SzAlxQzwtA==
  dependencies:
    "@reach/utils" "0.18.0"

"@reach/utils@0.18.0":
  version "0.18.0"
  resolved "https://registry.yarnpkg.com/@reach/utils/-/utils-0.18.0.tgz#4f3cebe093dd436eeaff633809bf0f68f4f9d2ee"
  integrity sha512-KdVMdpTgDyK8FzdKO9SCpiibuy/kbv3pwgfXshTI6tEcQT1OOwj7BAksnzGC0rPz0UholwC+AgkqEl3EJX3M1A==

"@types/node@^20.12.11":
  version "20.12.11"
  resolved "https://registry.yarnpkg.com/@types/node/-/node-20.12.11.tgz#c4ef00d3507000d17690643278a60dc55a9dc9be"
  integrity sha512-vDg9PZ/zi+Nqp6boSOT7plNuthRugEKixDv5sFTIpkE89MmNtEArAShI4mxuX2+UrLEe9pxC1vm2cjm9YlWbJw==
  dependencies:
    undici-types "~5.26.4"

"@types/prop-types@*":
  version "15.7.5"
  resolved "https://registry.yarnpkg.com/@types/prop-types/-/prop-types-15.7.5.tgz#5f19d2b85a98e9558036f6a3cacc8819420f05cf"
  integrity sha512-JCB8C6SnDoQf0cNycqd/35A7MjcnK+ZTqE7judS6o7utxUCg6imJg3QK2qzHKszlTjcj2cn+NwMB2i96ubpj7w==

"@types/react-dom@^18.2.25":
  version "18.2.25"
  resolved "https://registry.yarnpkg.com/@types/react-dom/-/react-dom-18.2.25.tgz#2946a30081f53e7c8d585eb138277245caedc521"
  integrity sha512-o/V48vf4MQh7juIKZU2QGDfli6p1+OOi5oXx36Hffpc9adsHeXjVp8rHuPkjd8VT8sOJ2Zp05HR7CdpGTIUFUA==
  dependencies:
    "@types/react" "*"

"@types/react@*", "@types/react@^18.3.2":
  version "18.3.2"
  resolved "https://registry.yarnpkg.com/@types/react/-/react-18.3.2.tgz#462ae4904973bc212fa910424d901e3d137dbfcd"
  integrity sha512-Btgg89dAnqD4vV7R3hlwOxgqobUQKgx3MmrQRi0yYbs/P0ym8XozIAlkqVilPqHQwXs4e9Tf63rrCgl58BcO4w==
  dependencies:
    "@types/prop-types" "*"
    csstype "^3.0.2"

csstype@^3.0.2:
  version "3.1.1"
  resolved "https://registry.yarnpkg.com/csstype/-/csstype-3.1.1.tgz#841b532c45c758ee546a11d5bd7b7b473c8c30b9"
  integrity sha512-DJR/VvkAvSZW9bTouZue2sSxDwdTN92uHjqeKVm+0dAqdfNykRzQ95tay8aXMBAAPpUiq4Qcug2L7neoRh2Egw==

detect-libc@^1.0.3:
  version "1.0.3"
  resolved "https://registry.yarnpkg.com/detect-libc/-/detect-libc-1.0.3.tgz#fa137c4bd698edf55cd5cd02ac559f91a4c4ba9b"
  integrity sha512-pGjwhsmsp4kL2RTz08wcOlGN83otlqHeD/Z5T8GXZB+/YcpQ/dgo+lbU8ZsGxV0HIvqqxo9l7mqYwyYMD9bKDg==

esbuild-css-modules-plugin@^3.1.2:
  version "3.1.2"
  resolved "https://registry.yarnpkg.com/esbuild-css-modules-plugin/-/esbuild-css-modules-plugin-3.1.2.tgz#fbe8d12d69b1dc6386d39361e1bb89b89ae6592d"
  integrity sha512-XRpRuRT3m1Pk456djTvrq1AOEj+OB8sa8PdGN/Yha6eL8Im0TIYPq0CELgQU6DDKkHlYET++3sXZVjiF/kcgQw==
  dependencies:
    lightningcss "^1.24.1"
    lodash-es "^4.17.21"

esbuild@^0.21.2:
  version "0.21.2"
  resolved "https://registry.yarnpkg.com/esbuild/-/esbuild-0.21.2.tgz#6a58b5aa6347eb9e96d060a44e7adaee21bc76c1"
  integrity sha512-LmHPAa5h4tSxz+g/D8IHY6wCjtIiFx8I7/Q0Aq+NmvtoYvyMnJU0KQJcqB6QH30X9x/W4CemgUtPgQDZFca5SA==
  optionalDependencies:
    "@esbuild/aix-ppc64" "0.21.2"
    "@esbuild/android-arm" "0.21.2"
    "@esbuild/android-arm64" "0.21.2"
    "@esbuild/android-x64" "0.21.2"
    "@esbuild/darwin-arm64" "0.21.2"
    "@esbuild/darwin-x64" "0.21.2"
    "@esbuild/freebsd-arm64" "0.21.2"
    "@esbuild/freebsd-x64" "0.21.2"
    "@esbuild/linux-arm" "0.21.2"
    "@esbuild/linux-arm64" "0.21.2"
    "@esbuild/linux-ia32" "0.21.2"
    "@esbuild/linux-loong64" "0.21.2"
    "@esbuild/linux-mips64el" "0.21.2"
    "@esbuild/linux-ppc64" "0.21.2"
    "@esbuild/linux-riscv64" "0.21.2"
    "@esbuild/linux-s390x" "0.21.2"
    "@esbuild/linux-x64" "0.21.2"
    "@esbuild/netbsd-x64" "0.21.2"
    "@esbuild/openbsd-x64" "0.21.2"
    "@esbuild/sunos-x64" "0.21.2"
    "@esbuild/win32-arm64" "0.21.2"
    "@esbuild/win32-ia32" "0.21.2"
    "@esbuild/win32-x64" "0.21.2"

"js-tokens@^3.0.0 || ^4.0.0":
  version "4.0.0"
  resolved "https://registry.yarnpkg.com/js-tokens/-/js-tokens-4.0.0.tgz#19203fb59991df98e3a287050d4647cdeaf32499"
  integrity sha512-RdJUflcE3cUzKiMqQgsCu06FPu9UdIJO0beYbPhHN4k6apgJtifcoCtT9bcxOpYBtpD2kCM6Sbzg4CausW/PKQ==

lightningcss-darwin-arm64@1.24.1:
  version "1.24.1"
  resolved "https://registry.yarnpkg.com/lightningcss-darwin-arm64/-/lightningcss-darwin-arm64-1.24.1.tgz#551735defa1e092ecf91244ca081f65f10ebd5f0"
  integrity sha512-1jQ12jBy+AE/73uGQWGSafK5GoWgmSiIQOGhSEXiFJSZxzV+OXIx+a9h2EYHxdJfX864M+2TAxWPWb0Vv+8y4w==

lightningcss-darwin-x64@1.24.1:
  version "1.24.1"
  resolved "https://registry.yarnpkg.com/lightningcss-darwin-x64/-/lightningcss-darwin-x64-1.24.1.tgz#5acb1338ac0aae38e405efd854ed97ba11509eea"
  integrity sha512-R4R1d7VVdq2mG4igMU+Di8GPf0b64ZLnYVkubYnGG0Qxq1KaXQtAzcLI43EkpnoWvB/kUg8JKCWH4S13NfiLcQ==

lightningcss-freebsd-x64@1.24.1:
  version "1.24.1"
  resolved "https://registry.yarnpkg.com/lightningcss-freebsd-x64/-/lightningcss-freebsd-x64-1.24.1.tgz#ff692c41ed0bbf37ab5a239db4c2fc04c11195e6"
  integrity sha512-z6NberUUw5ALES6Ixn2shmjRRrM1cmEn1ZQPiM5IrZ6xHHL5a1lPin9pRv+w6eWfcrEo+qGG6R9XfJrpuY3e4g==

lightningcss-linux-arm-gnueabihf@1.24.1:
  version "1.24.1"
  resolved "https://registry.yarnpkg.com/lightningcss-linux-arm-gnueabihf/-/lightningcss-linux-arm-gnueabihf-1.24.1.tgz#ba41556f4422a6a889553ad897898a314386153e"
  integrity sha512-NLQLnBQW/0sSg74qLNI8F8QKQXkNg4/ukSTa+XhtkO7v3BnK19TS1MfCbDHt+TTdSgNEBv0tubRuapcKho2EWw==

lightningcss-linux-arm64-gnu@1.24.1:
  version "1.24.1"
  resolved "https://registry.yarnpkg.com/lightningcss-linux-arm64-gnu/-/lightningcss-linux-arm64-gnu-1.24.1.tgz#6b569b6078634233bc470c4179dd67e535f22d73"
  integrity sha512-AQxWU8c9E9JAjAi4Qw9CvX2tDIPjgzCTrZCSXKELfs4mCwzxRkHh2RCxX8sFK19RyJoJAjA/Kw8+LMNRHS5qEg==

lightningcss-linux-arm64-musl@1.24.1:
  version "1.24.1"
  resolved "https://registry.yarnpkg.com/lightningcss-linux-arm64-musl/-/lightningcss-linux-arm64-musl-1.24.1.tgz#644abd32c09c87228bfb5dda21e8d3f75da6f731"
  integrity sha512-JCgH/SrNrhqsguUA0uJUM1PvN5+dVuzPIlXcoWDHSv2OU/BWlj2dUYr3XNzEw748SmNZPfl2NjQrAdzaPOn1lA==

lightningcss-linux-x64-gnu@1.24.1:
  version "1.24.1"
  resolved "https://registry.yarnpkg.com/lightningcss-linux-x64-gnu/-/lightningcss-linux-x64-gnu-1.24.1.tgz#0633f2daa2b6a2806abd497337346c2941865eec"
  integrity sha512-TYdEsC63bHV0h47aNRGN3RiK7aIeco3/keN4NkoSQ5T8xk09KHuBdySltWAvKLgT8JvR+ayzq8ZHnL1wKWY0rw==

lightningcss-linux-x64-musl@1.24.1:
  version "1.24.1"
  resolved "https://registry.yarnpkg.com/lightningcss-linux-x64-musl/-/lightningcss-linux-x64-musl-1.24.1.tgz#6ed1714737e4af2249ed10f431bc8137bd6cc4c7"
  integrity sha512-HLfzVik3RToot6pQ2Rgc3JhfZkGi01hFetHt40HrUMoeKitLoqUUT5owM6yTZPTytTUW9ukLBJ1pc3XNMSvlLw==

lightningcss-win32-x64-msvc@1.24.1:
  version "1.24.1"
  resolved "https://registry.yarnpkg.com/lightningcss-win32-x64-msvc/-/lightningcss-win32-x64-msvc-1.24.1.tgz#bd6b562d902e0f92904ac3754c722d9e63e00480"
  integrity sha512-joEupPjYJ7PjZtDsS5lzALtlAudAbgIBMGJPNeFe5HfdmJXFd13ECmEM+5rXNxYVMRHua2w8132R6ab5Z6K9Ow==

lightningcss@^1.24.1:
  version "1.24.1"
  resolved "https://registry.yarnpkg.com/lightningcss/-/lightningcss-1.24.1.tgz#8b86a5ee6e6ae9e035ff92892bd047b8d687581e"
  integrity sha512-kUpHOLiH5GB0ERSv4pxqlL0RYKnOXtgGtVe7shDGfhS0AZ4D1ouKFYAcLcZhql8aMspDNzaUCumGHZ78tb2fTg==
  dependencies:
    detect-libc "^1.0.3"
  optionalDependencies:
    lightningcss-darwin-arm64 "1.24.1"
    lightningcss-darwin-x64 "1.24.1"
    lightningcss-freebsd-x64 "1.24.1"
    lightningcss-linux-arm-gnueabihf "1.24.1"
    lightningcss-linux-arm64-gnu "1.24.1"
    lightningcss-linux-arm64-musl "1.24.1"
    lightningcss-linux-x64-gnu "1.24.1"
    lightningcss-linux-x64-musl "1.24.1"
    lightningcss-win32-x64-msvc "1.24.1"

lodash-es@^4.17.21:
  version "4.17.21"
  resolved "https://registry.yarnpkg.com/lodash-es/-/lodash-es-4.17.21.tgz#43e626c46e6591b7750beb2b50117390c609e3ee"
  integrity sha512-mKnC+QJ9pWVzv+C4/U3rRsHapFfHvQFoFB92e52xeyGMcX6/OlIl78je1u8vePzYZSkkogMPJ2yjxxsb89cxyw==

loose-envify@^1.1.0:
  version "1.4.0"
  resolved "https://registry.yarnpkg.com/loose-envify/-/loose-envify-1.4.0.tgz#71ee51fa7be4caec1a63839f7e682d8132d30caf"
  integrity sha512-lyuxPGr/Wfhrlem2CL/UcnUc1zcqKAImBDzukY7Y5F/yQiNdko6+fRLevlw1HgMySw7f611UIY408EtxRSoK3Q==
  dependencies:
    js-tokens "^3.0.0 || ^4.0.0"

react-dom@^18.2.0:
  version "18.2.0"
  resolved "https://registry.yarnpkg.com/react-dom/-/react-dom-18.2.0.tgz#22aaf38708db2674ed9ada224ca4aa708d821e3d"
  integrity sha512-6IMTriUmvsjHUjNtEDudZfuDQUoWXVxKHhlEGSk81n4YFS+r/Kl99wXiwlVXtPBtJenozv2P+hxDsw9eA7Xo6g==
  dependencies:
    loose-envify "^1.1.0"
    scheduler "^0.23.0"

react@^18.3.1:
  version "18.3.1"
  resolved "https://registry.yarnpkg.com/react/-/react-18.3.1.tgz#49ab892009c53933625bd16b2533fc754cab2891"
  integrity sha512-wS+hAgJShR0KhEvPJArfuPVN1+Hz1t0Y6n5jLrGQbkb4urgPE/0Rve+1kMB1v/oWgHgm4WIcV+i7F2pTVj+2iQ==
  dependencies:
    loose-envify "^1.1.0"

scheduler@^0.23.0:
  version "0.23.0"
  resolved "https://registry.yarnpkg.com/scheduler/-/scheduler-0.23.0.tgz#ba8041afc3d30eb206a487b6b384002e4e61fdfe"
  integrity sha512-CtuThmgHNg7zIZWAXi3AsyIzA3n4xx7aNyjwC2VJldO2LMVDhFK+63xGqq6CsJH4rTAt6/M+N4GhZiDYPx9eUw==
  dependencies:
    loose-envify "^1.1.0"

typescript@^5.4.5:
  version "5.4.5"
  resolved "https://registry.yarnpkg.com/typescript/-/typescript-5.4.5.tgz#42ccef2c571fdbd0f6718b1d1f5e6e5ef006f611"
  integrity sha512-vcI4UpRgg81oIRUFwR0WSIHKt11nJ7SAVlYNIu+QpqeyXP+gpQJy/Z4+F0aGxSE4MqwjyXvW/TzgkLAx2AGHwQ==

undici-types@~5.26.4:
  version "5.26.5"
  resolved "https://registry.yarnpkg.com/undici-types/-/undici-types-5.26.5.tgz#bcd539893d00b56e964fd2657a4866b221a65617"
  integrity sha512-JlCMO+ehdEIKqlFxk6IfVoAUVmgz7cU7zD/h9XZ0qzeosSHmUJVOzSQvvYSYWXkFXC+IfLKSIffhv0sVZup6pA==
